
Microsoft Visual Studio Solution File, Format Version 12.00
# Visual Studio Version 17
VisualStudioVersion = 17.5.002.0
MinimumVisualStudioVersion = 10.0.40219.1
Project("{9A19103F-16F7-4668-BE54-9A1E7A4F7556}") = "EjercicioCuentasBancarias", "EjercicioCuentasBancarias\EjercicioCuentasBancarias.csproj", "{21FA7C0F-E367-4582-912C-6AC95D5B69D5}"
EndProject
Global
	GlobalSection(SolutionConfigurationPlatforms) = preSolution
		Debug|Any CPU = Debug|Any CPU
		Release|Any CPU = Release|Any CPU
	EndGlobalSection
	GlobalSection(ProjectConfigurationPlatforms) = postSolution
		{21FA7C0F-E367-4582-912C-6AC95D5B69D5}.Debug|Any CPU.ActiveCfg = Debug|Any CPU
		{21FA7C0F-E367-4582-912C-6AC95D5B69D5}.Debug|Any CPU.Build.0 = Debug|Any CPU
		{21FA7C0F-E367-4582-912C-6AC95D5B69D5}.Release|Any CPU.ActiveCfg = Release|Any CPU
		{21FA7C0F-E367-4582-912C-6AC95D5B69D5}.Release|Any CPU.Build.0 = Release|Any CPU
	EndGlobalSection
	GlobalSection(SolutionProperties) = preSolution
		HideSolutionNode = FALSE
	EndGlobalSection
	GlobalSection(ExtensibilityGlobals) = postSolution
		SolutionGuid = {C3BBC77F-9113-4280-BA16-230A9E87F836}
	EndGlobalSection
EndGlobal
